
Microsoft Visual Studio Solution File, Format Version 12.00
# Visual Studio Version 17
VisualStudioVersion = 17.7.34024.191
MinimumVisualStudioVersion = 10.0.40219.1
Project("{FAE04EC0-301F-11D3-BF4B-00C04F79EFBC}") = "destrutor", "destrutor.csproj", "{2A774F6D-1941-4B6A-8543-8AA300987BBB}"
EndProject
Global
	GlobalSection(SolutionConfigurationPlatforms) = preSolution
		Debug|Any CPU = Debug|Any CPU
		Release|Any CPU = Release|Any CPU
	EndGlobalSection
	GlobalSection(ProjectConfigurationPlatforms) = postSolution
		{2A774F6D-1941-4B6A-8543-8AA300987BBB}.Debug|Any CPU.ActiveCfg = Debug|Any CPU
		{2A774F6D-1941-4B6A-8543-8AA300987BBB}.Debug|Any CPU.Build.0 = Debug|Any CPU
		{2A774F6D-1941-4B6A-8543-8AA300987BBB}.Release|Any CPU.ActiveCfg = Release|Any CPU
		{2A774F6D-1941-4B6A-8543-8AA300987BBB}.Release|Any CPU.Build.0 = Release|Any CPU
	EndGlobalSection
	GlobalSection(SolutionProperties) = preSolution
		HideSolutionNode = FALSE
	EndGlobalSection
	GlobalSection(ExtensibilityGlobals) = postSolution
		SolutionGuid = {2EF8C738-518D-4CB5-85D3-0207CC0D0587}
	EndGlobalSection
EndGlobal
