
Microsoft Visual Studio Solution File, Format Version 11.00
# Visual Studio 2010
Project("{FAE04EC0-301F-11D3-BF4B-00C04F79EFBC}") = "Numero aleatório", "Numero aleatório\Numero aleatório.csproj", "{82AAE8B5-FF9B-448C-A776-25F8BA64BB53}"
EndProject
Global
	GlobalSection(SolutionConfigurationPlatforms) = preSolution
		Debug|x86 = Debug|x86
		Release|x86 = Release|x86
	EndGlobalSection
	GlobalSection(ProjectConfigurationPlatforms) = postSolution
		{82AAE8B5-FF9B-448C-A776-25F8BA64BB53}.Debug|x86.ActiveCfg = Debug|x86
		{82AAE8B5-FF9B-448C-A776-25F8BA64BB53}.Debug|x86.Build.0 = Debug|x86
		{82AAE8B5-FF9B-448C-A776-25F8BA64BB53}.Release|x86.ActiveCfg = Release|x86
		{82AAE8B5-FF9B-448C-A776-25F8BA64BB53}.Release|x86.Build.0 = Release|x86
	EndGlobalSection
	GlobalSection(SolutionProperties) = preSolution
		HideSolutionNode = FALSE
	EndGlobalSection
EndGlobal
