
Microsoft Visual Studio Solution File, Format Version 12.00
# Visual Studio Version 17
VisualStudioVersion = 17.7.34024.191
MinimumVisualStudioVersion = 10.0.40219.1
Project("{FAE04EC0-301F-11D3-BF4B-00C04F79EFBC}") = "MessagemBox", "MessagemBox.csproj", "{07A517C2-D0CB-489F-A8E4-A609D74163C3}"
EndProject
Global
	GlobalSection(SolutionConfigurationPlatforms) = preSolution
		Debug|Any CPU = Debug|Any CPU
		Release|Any CPU = Release|Any CPU
	EndGlobalSection
	GlobalSection(ProjectConfigurationPlatforms) = postSolution
		{07A517C2-D0CB-489F-A8E4-A609D74163C3}.Debug|Any CPU.ActiveCfg = Debug|Any CPU
		{07A517C2-D0CB-489F-A8E4-A609D74163C3}.Debug|Any CPU.Build.0 = Debug|Any CPU
		{07A517C2-D0CB-489F-A8E4-A609D74163C3}.Release|Any CPU.ActiveCfg = Release|Any CPU
		{07A517C2-D0CB-489F-A8E4-A609D74163C3}.Release|Any CPU.Build.0 = Release|Any CPU
	EndGlobalSection
	GlobalSection(SolutionProperties) = preSolution
		HideSolutionNode = FALSE
	EndGlobalSection
	GlobalSection(ExtensibilityGlobals) = postSolution
		SolutionGuid = {5302CD17-6A27-4CF3-BA50-045952A52F6C}
	EndGlobalSection
EndGlobal
